
Microsoft Visual Studio Solution File, Format Version 12.00
# Visual Studio Version 17
VisualStudioVersion = 17.14.36221.1 d17.14
MinimumVisualStudioVersion = 10.0.40219.1
Project("{FAE04EC0-301F-11D3-BF4B-00C04F79EFBC}") = "KeyLoan", "KeyLoan\KeyLoan.csproj", "{FE07D48F-DCA0-430E-894A-A1DECB9883B3}"
EndProject
Global
	GlobalSection(SolutionConfigurationPlatforms) = preSolution
		Debug|Any CPU = Debug|Any CPU
		Release|Any CPU = Release|Any CPU
	EndGlobalSection
	GlobalSection(ProjectConfigurationPlatforms) = postSolution
		{FE07D48F-DCA0-430E-894A-A1DECB9883B3}.Debug|Any CPU.ActiveCfg = Debug|Any CPU
		{FE07D48F-DCA0-430E-894A-A1DECB9883B3}.Debug|Any CPU.Build.0 = Debug|Any CPU
		{FE07D48F-DCA0-430E-894A-A1DECB9883B3}.Release|Any CPU.ActiveCfg = Release|Any CPU
		{FE07D48F-DCA0-430E-894A-A1DECB9883B3}.Release|Any CPU.Build.0 = Release|Any CPU
	EndGlobalSection
	GlobalSection(SolutionProperties) = preSolution
		HideSolutionNode = FALSE
	EndGlobalSection
	GlobalSection(ExtensibilityGlobals) = postSolution
		SolutionGuid = {EBFB66C6-17FC-45F3-B26C-7C061C304EAB}
	EndGlobalSection
EndGlobal
